// !$*UTF8*$!
{
	archiveVersion = 1;
	classes = {
	};
	objectVersion = 56;
	objects = {

/* Begin PBXBuildFile section */
		DBACAA0D297F111500C30F6F /* RainApp.swift in Sources */ = {isa = PBXBuildFile; fileRef = DBACAA0C297F111500C30F6F /* RainApp.swift */; };
		DBACAA0F297F111500C30F6F /* ContentView.swift in Sources */ = {isa = PBXBuildFile; fileRef = DBACAA0E297F111500C30F6F /* ContentView.swift */; };
		DBACAA11297F111600C30F6F /* Assets.xcassets in Resources */ = {isa = PBXBuildFile; fileRef = DBACAA10297F111600C30F6F /* Assets.xcassets */; };
		DBACAA15297F111600C30F6F /* Preview Assets.xcassets in Resources */ = {isa = PBXBuildFile; fileRef = DBACAA14297F111600C30F6F /* Preview Assets.xcassets */; };
		DBACAA1C297F114E00C30F6F /* Rain.sks in Resources */ = {isa = PBXBuildFile; fileRef = DBACAA1B297F114E00C30F6F /* Rain.sks */; };
		DBACAA1E297F120500C30F6F /* RainView.swift in Sources */ = {isa = PBXBuildFile; fileRef = DBACAA1D297F120500C30F6F /* RainView.swift */; };
		DBACAA22297F8D7900C30F6F /* DropView.swift in Sources */ = {isa = PBXBuildFile; fileRef = DBACAA21297F8D7900C30F6F /* DropView.swift */; };
		DBACAA24297FE68600C30F6F /* PuddleView.swift in Sources */ = {isa = PBXBuildFile; fileRef = DBACAA23297FE68600C30F6F /* PuddleView.swift */; };
/* End PBXBuildFile section */

/* Begin PBXFileReference section */
		DBACAA09297F111500C30F6F /* Rain.app */ = {isa = PBXFileReference; explicitFileType = wrapper.application; includeInIndex = 0; path = Rain.app; sourceTree = BUILT_PRODUCTS_DIR; };
		DBACAA0C297F111500C30F6F /* RainApp.swift */ = {isa = PBXFileReference; lastKnownFileType = sourcecode.swift; path = RainApp.swift; sourceTree = "<group>"; };
		DBACAA0E297F111500C30F6F /* ContentView.swift */ = {isa = PBXFileReference; lastKnownFileType = sourcecode.swift; path = ContentView.swift; sourceTree = "<group>"; };
		DBACAA10297F111600C30F6F /* Assets.xcassets */ = {isa = PBXFileReference; lastKnownFileType = folder.assetcatalog; path = Assets.xcassets; sourceTree = "<group>"; };
		DBACAA12297F111600C30F6F /* Rain.entitlements */ = {isa = PBXFileReference; lastKnownFileType = text.plist.entitlements; path = Rain.entitlements; sourceTree = "<group>"; };
		DBACAA14297F111600C30F6F /* Preview Assets.xcassets */ = {isa = PBXFileReference; lastKnownFileType = folder.assetcatalog; path = "Preview Assets.xcassets"; sourceTree = "<group>"; };
		DBACAA1B297F114E00C30F6F /* Rain.sks */ = {isa = PBXFileReference; lastKnownFileType = file.sks; path = Rain.sks; sourceTree = "<group>"; };
		DBACAA1D297F120500C30F6F /* RainView.swift */ = {isa = PBXFileReference; lastKnownFileType = sourcecode.swift; path = RainView.swift; sourceTree = "<group>"; };
		DBACAA21297F8D7900C30F6F /* DropView.swift */ = {isa = PBXFileReference; lastKnownFileType = sourcecode.swift; path = DropView.swift; sourceTree = "<group>"; };
		DBACAA23297FE68600C30F6F /* PuddleView.swift */ = {isa = PBXFileReference; lastKnownFileType = sourcecode.swift; path = PuddleView.swift; sourceTree = "<group>"; };
/* End PBXFileReference section */

/* Begin PBXFrameworksBuildPhase section */
		DBACAA06297F111500C30F6F /* Frameworks */ = {
			isa = PBXFrameworksBuildPhase;
			buildActionMask = 2147483647;
			files = (
			);
			runOnlyForDeploymentPostprocessing = 0;
		};
/* End PBXFrameworksBuildPhase section */

/* Begin PBXGroup section */
		DBACAA00297F111500C30F6F = {
			isa = PBXGroup;
			children = (
				DBACAA0B297F111500C30F6F /* Rain */,
				DBACAA0A297F111500C30F6F /* Products */,
			);
			sourceTree = "<group>";
		};
		DBACAA0A297F111500C30F6F /* Products */ = {
			isa = PBXGroup;
			children = (
				DBACAA09297F111500C30F6F /* Rain.app */,
			);
			name = Products;
			sourceTree = "<group>";
		};
		DBACAA0B297F111500C30F6F /* Rain */ = {
			isa = PBXGroup;
			children = (
				DBACAA0C297F111500C30F6F /* RainApp.swift */,
				DBACAA0E297F111500C30F6F /* ContentView.swift */,
				DBACAA21297F8D7900C30F6F /* DropView.swift */,
				DBACAA23297FE68600C30F6F /* PuddleView.swift */,
				DBACAA1D297F120500C30F6F /* RainView.swift */,
				DBACAA1B297F114E00C30F6F /* Rain.sks */,
				DBACAA10297F111600C30F6F /* Assets.xcassets */,
				DBACAA12297F111600C30F6F /* Rain.entitlements */,
				DBACAA13297F111600C30F6F /* Preview Content */,
			);
			path = Rain;
			sourceTree = "<group>";
		};
		DBACAA13297F111600C30F6F /* Preview Content */ = {
			isa = PBXGroup;
			children = (
				DBACAA14297F111600C30F6F /* Preview Assets.xcassets */,
			);
			path = "Preview Content";
			sourceTree = "<group>";
		};
/* End PBXGroup section */

/* Begin PBXNativeTarget section */
		DBACAA08297F111500C30F6F /* Rain */ = {
			isa = PBXNativeTarget;
			buildConfigurationList = DBACAA18297F111600C30F6F /* Build configuration list for PBXNativeTarget "Rain" */;
			buildPhases = (
				DBACAA05297F111500C30F6F /* Sources */,
				DBACAA06297F111500C30F6F /* Frameworks */,
				DBACAA07297F111500C30F6F /* Resources */,
			);
			buildRules = (
			);
			dependencies = (
			);
			name = Rain;
			productName = Rain;
			productReference = DBACAA09297F111500C30F6F /* Rain.app */;
			productType = "com.apple.product-type.application";
		};
/* End PBXNativeTarget section */

/* Begin PBXProject section */
		DBACAA01297F111500C30F6F /* Project object */ = {
			isa = PBXProject;
			attributes = {
				BuildIndependentTargetsInParallel = 1;
				LastSwiftUpdateCheck = 1420;
				LastUpgradeCheck = 1420;
				TargetAttributes = {
					DBACAA08297F111500C30F6F = {
						CreatedOnToolsVersion = 14.2;
					};
				};
			};
			buildConfigurationList = DBACAA04297F111500C30F6F /* Build configuration list for PBXProject "Rain" */;
			compatibilityVersion = "Xcode 14.0";
			developmentRegion = en;
			hasScannedForEncodings = 0;
			knownRegions = (
				en,
				Base,
			);
			mainGroup = DBACAA00297F111500C30F6F;
			productRefGroup = DBACAA0A297F111500C30F6F /* Products */;
			projectDirPath = "";
			projectRoot = "";
			targets = (
				DBACAA08297F111500C30F6F /* Rain */,
			);
		};
/* End PBXProject section */

/* Begin PBXResourcesBuildPhase section */
		DBACAA07297F111500C30F6F /* Resources */ = {
			isa = PBXResourcesBuildPhase;
			buildActionMask = 2147483647;
			files = (
				DBACAA1C297F114E00C30F6F /* Rain.sks in Resources */,
				DBACAA15297F111600C30F6F /* Preview Assets.xcassets in Resources */,
				DBACAA11297F111600C30F6F /* Assets.xcassets in Resources */,
			);
			runOnlyForDeploymentPostprocessing = 0;
		};
/* End PBXResourcesBuildPhase section */

/* Begin PBXSourcesBuildPhase section */
		DBACAA05297F111500C30F6F /* Sources */ = {
			isa = PBXSourcesBuildPhase;
			buildActionMask = 2147483647;
			files = (
				DBACAA24297FE68600C30F6F /* PuddleView.swift in Sources */,
				DBACAA1E297F120500C30F6F /* RainView.swift in Sources */,
				DBACAA0F297F111500C30F6F /* ContentView.swift in Sources */,
				DBACAA0D297F111500C30F6F /* RainApp.swift in Sources */,
				DBACAA22297F8D7900C30F6F /* DropView.swift in Sources */,
			);
			runOnlyForDeploymentPostprocessing = 0;
		};
/* End PBXSourcesBuildPhase section */

/* Begin XCBuildConfiguration section */
		DBACAA16297F111600C30F6F /* Debug */ = {
			isa = XCBuildConfiguration;
			buildSettings = {
				ALWAYS_SEARCH_USER_PATHS = NO;
				CLANG_ANALYZER_NONNULL = YES;
				CLANG_ANALYZER_NUMBER_OBJECT_CONVERSION = YES_AGGRESSIVE;
				CLANG_CXX_LANGUAGE_STANDARD = "gnu++20";
				CLANG_ENABLE_MODULES = YES;
				CLANG_ENABLE_OBJC_ARC = YES;
				CLANG_ENABLE_OBJC_WEAK = YES;
				CLANG_WARN_BLOCK_CAPTURE_AUTORELEASING = YES;
				CLANG_WARN_BOOL_CONVERSION = YES;
				CLANG_WARN_COMMA = YES;
				CLANG_WARN_CONSTANT_CONVERSION = YES;
				CLANG_WARN_DEPRECATED_OBJC_IMPLEMENTATIONS = YES;
				CLANG_WARN_DIRECT_OBJC_ISA_USAGE = YES_ERROR;
				CLANG_WARN_DOCUMENTATION_COMMENTS = YES;
				CLANG_WARN_EMPTY_BODY = YES;
				CLANG_WARN_ENUM_CONVERSION = YES;
				CLANG_WARN_INFINITE_RECURSION = YES;
				CLANG_WARN_INT_CONVERSION = YES;
				CLANG_WARN_NON_LITERAL_NULL_CONVERSION = YES;
				CLANG_WARN_OBJC_IMPLICIT_RETAIN_SELF = YES;
				CLANG_WARN_OBJC_LITERAL_CONVERSION = YES;
				CLANG_WARN_OBJC_ROOT_CLASS = YES_ERROR;
				CLANG_WARN_QUOTED_INCLUDE_IN_FRAMEWORK_HEADER = YES;
				CLANG_WARN_RANGE_LOOP_ANALYSIS = YES;
				CLANG_WARN_STRICT_PROTOTYPES = YES;
				CLANG_WARN_SUSPICIOUS_MOVE = YES;
				CLANG_WARN_UNGUARDED_AVAILABILITY = YES_AGGRESSIVE;
				CLANG_WARN_UNREACHABLE_CODE = YES;
				CLANG_WARN__DUPLICATE_METHOD_MATCH = YES;
				COPY_PHASE_STRIP = NO;
				DEBUG_INFORMATION_FORMAT = dwarf;
				ENABLE_STRICT_OBJC_MSGSEND = YES;
				ENABLE_TESTABILITY = YES;
				GCC_C_LANGUAGE_STANDARD = gnu11;
				GCC_DYNAMIC_NO_PIC = NO;
				GCC_NO_COMMON_BLOCKS = YES;
				GCC_OPTIMIZATION_LEVEL = 0;
				GCC_PREPROCESSOR_DEFINITIONS = (
					"DEBUG=1",
					"$(inherited)",
				);
				GCC_WARN_64_TO_32_BIT_CONVERSION = YES;
				GCC_WARN_ABOUT_RETURN_TYPE = YES_ERROR;
				GCC_WARN_UNDECLARED_SELECTOR = YES;
				GCC_WARN_UNINITIALIZED_AUTOS = YES_AGGRESSIVE;
				GCC_WARN_UNUSED_FUNCTION = YES;
				GCC_WARN_UNUSED_VARIABLE = YES;
				MTL_ENABLE_DEBUG_INFO = INCLUDE_SOURCE;
				MTL_FAST_MATH = YES;
				ONLY_ACTIVE_ARCH = YES;
				SWIFT_ACTIVE_COMPILATION_CONDITIONS = DEBUG;
				SWIFT_OPTIMIZATION_LEVEL = "-Onone";
			};
			name = Debug;
		};
		DBACAA17297F111600C30F6F /* Release */ = {
			isa = XCBuildConfiguration;
			buildSettings = {
				ALWAYS_SEARCH_USER_PATHS = NO;
				CLANG_ANALYZER_NONNULL = YES;
				CLANG_ANALYZER_NUMBER_OBJECT_CONVERSION = YES_AGGRESSIVE;
				CLANG_CXX_LANGUAGE_STANDARD = "gnu++20";
				CLANG_ENABLE_MODULES = YES;
				CLANG_ENABLE_OBJC_ARC = YES;
				CLANG_ENABLE_OBJC_WEAK = YES;
				CLANG_WARN_BLOCK_CAPTURE_AUTORELEASING = YES;
				CLANG_WARN_BOOL_CONVERSION = YES;
				CLANG_WARN_COMMA = YES;
				CLANG_WARN_CONSTANT_CONVERSION = YES;
				CLANG_WARN_DEPRECATED_OBJC_IMPLEMENTATIONS = YES;
				CLANG_WARN_DIRECT_OBJC_ISA_USAGE = YES_ERROR;
				CLANG_WARN_DOCUMENTATION_COMMENTS = YES;
				CLANG_WARN_EMPTY_BODY = YES;
				CLANG_WARN_ENUM_CONVERSION = YES;
				CLANG_WARN_INFINITE_RECURSION = YES;
				CLANG_WARN_INT_CONVERSION = YES;
				CLANG_WARN_NON_LITERAL_NULL_CONVERSION = YES;
				CLANG_WARN_OBJC_IMPLICIT_RETAIN_SELF = YES;
				CLANG_WARN_OBJC_LITERAL_CONVERSION = YES;
				CLANG_WARN_OBJC_ROOT_CLASS = YES_ERROR;
				CLANG_WARN_QUOTED_INCLUDE_IN_FRAMEWORK_HEADER = YES;
				CLANG_WARN_RANGE_LOOP_ANALYSIS = YES;
				CLANG_WARN_STRICT_PROTOTYPES = YES;
				CLANG_WARN_SUSPICIOUS_MOVE = YES;
				CLANG_WARN_UNGUARDED_AVAILABILITY = YES_AGGRESSIVE;
				CLANG_WARN_UNREACHABLE_CODE = YES;
				CLANG_WARN__DUPLICATE_METHOD_MATCH = YES;
				COPY_PHASE_STRIP = NO;
				DEBUG_INFORMATION_FORMAT = "dwarf-with-dsym";
				ENABLE_NS_ASSERTIONS = NO;
				ENABLE_STRICT_OBJC_MSGSEND = YES;
				GCC_C_LANGUAGE_STANDARD = gnu11;
				GCC_NO_COMMON_BLOCKS = YES;
				GCC_WARN_64_TO_32_BIT_CONVERSION = YES;
				GCC_WARN_ABOUT_RETURN_TYPE = YES_ERROR;
				GCC_WARN_UNDECLARED_SELECTOR = YES;
				GCC_WARN_UNINITIALIZED_AUTOS = YES_AGGRESSIVE;
				GCC_WARN_UNUSED_FUNCTION = YES;
				GCC_WARN_UNUSED_VARIABLE = YES;
				MTL_ENABLE_DEBUG_INFO = NO;
				MTL_FAST_MATH = YES;
				SWIFT_COMPILATION_MODE = wholemodule;
				SWIFT_OPTIMIZATION_LEVEL = "-O";
			};
			name = Release;
		};
		DBACAA19297F111600C30F6F /* Debug */ = {
			isa = XCBuildConfiguration;
			buildSettings = {
				ASSETCATALOG_COMPILER_APPICON_NAME = AppIcon;
				ASSETCATALOG_COMPILER_GLOBAL_ACCENT_COLOR_NAME = AccentColor;
				CODE_SIGN_ENTITLEMENTS = Rain/Rain.entitlements;
				CODE_SIGN_STYLE = Automatic;
				CURRENT_PROJECT_VERSION = 1;
				DEVELOPMENT_ASSET_PATHS = "\"Rain/Preview Content\"";
				DEVELOPMENT_TEAM = M4YWUWL5V9;
				ENABLE_HARDENED_RUNTIME = YES;
				ENABLE_PREVIEWS = YES;
				GENERATE_INFOPLIST_FILE = YES;
				"INFOPLIST_KEY_UIApplicationSceneManifest_Generation[sdk=iphoneos*]" = YES;
				"INFOPLIST_KEY_UIApplicationSceneManifest_Generation[sdk=iphonesimulator*]" = YES;
				"INFOPLIST_KEY_UIApplicationSupportsIndirectInputEvents[sdk=iphoneos*]" = YES;
				"INFOPLIST_KEY_UIApplicationSupportsIndirectInputEvents[sdk=iphonesimulator*]" = YES;
				"INFOPLIST_KEY_UILaunchScreen_Generation[sdk=iphoneos*]" = YES;
				"INFOPLIST_KEY_UILaunchScreen_Generation[sdk=iphonesimulator*]" = YES;
				"INFOPLIST_KEY_UIStatusBarStyle[sdk=iphoneos*]" = UIStatusBarStyleDefault;
				"INFOPLIST_KEY_UIStatusBarStyle[sdk=iphonesimulator*]" = UIStatusBarStyleDefault;
				INFOPLIST_KEY_UISupportedInterfaceOrientations_iPad = "UIInterfaceOrientationPortrait UIInterfaceOrientationPortraitUpsideDown UIInterfaceOrientationLandscapeLeft UIInterfaceOrientationLandscapeRight";
				INFOPLIST_KEY_UISupportedInterfaceOrientations_iPhone = "UIInterfaceOrientationPortrait UIInterfaceOrientationLandscapeLeft UIInterfaceOrientationLandscapeRight";
				IPHONEOS_DEPLOYMENT_TARGET = 16.2;
				LD_RUNPATH_SEARCH_PATHS = "@executable_path/Frameworks";
				"LD_RUNPATH_SEARCH_PATHS[sdk=macosx*]" = "@executable_path/../Frameworks";
				MACOSX_DEPLOYMENT_TARGET = 13.1;
				MARKETING_VERSION = 1.0;
				PRODUCT_BUNDLE_IDENTIFIER = com.SMDAppTech.Rain;
				PRODUCT_NAME = "$(TARGET_NAME)";
				SDKROOT = auto;
				SUPPORTED_PLATFORMS = "iphoneos iphonesimulator macosx";
				SWIFT_EMIT_LOC_STRINGS = YES;
				SWIFT_VERSION = 5.0;
				TARGETED_DEVICE_FAMILY = "1,2";
			};
			name = Debug;
		};
		DBACAA1A297F111600C30F6F /* Release */ = {
			isa = XCBuildConfiguration;
			buildSettings = {
				ASSETCATALOG_COMPILER_APPICON_NAME = AppIcon;
				ASSETCATALOG_COMPILER_GLOBAL_ACCENT_COLOR_NAME = AccentColor;
				CODE_SIGN_ENTITLEMENTS = Rain/Rain.entitlements;
				CODE_SIGN_STYLE = Automatic;
				CURRENT_PROJECT_VERSION = 1;
				DEVELOPMENT_ASSET_PATHS = "\"Rain/Preview Content\"";
				DEVELOPMENT_TEAM = M4YWUWL5V9;
				ENABLE_HARDENED_RUNTIME = YES;
				ENABLE_PREVIEWS = YES;
				GENERATE_INFOPLIST_FILE = YES;
				"INFOPLIST_KEY_UIApplicationSceneManifest_Generation[sdk=iphoneos*]" = YES;
				"INFOPLIST_KEY_UIApplicationSceneManifest_Generation[sdk=iphonesimulator*]" = YES;
				"INFOPLIST_KEY_UIApplicationSupportsIndirectInputEvents[sdk=iphoneos*]" = YES;
				"INFOPLIST_KEY_UIApplicationSupportsIndirectInputEvents[sdk=iphonesimulator*]" = YES;
				"INFOPLIST_KEY_UILaunchScreen_Generation[sdk=iphoneos*]" = YES;
				"INFOPLIST_KEY_UILaunchScreen_Generation[sdk=iphonesimulator*]" = YES;
				"INFOPLIST_KEY_UIStatusBarStyle[sdk=iphoneos*]" = UIStatusBarStyleDefault;
				"INFOPLIST_KEY_UIStatusBarStyle[sdk=iphonesimulator*]" = UIStatusBarStyleDefault;
				INFOPLIST_KEY_UISupportedInterfaceOrientations_iPad = "UIInterfaceOrientationPortrait UIInterfaceOrientationPortraitUpsideDown UIInterfaceOrientationLandscapeLeft UIInterfaceOrientationLandscapeRight";
				INFOPLIST_KEY_UISupportedInterfaceOrientations_iPhone = "UIInterfaceOrientationPortrait UIInterfaceOrientationLandscapeLeft UIInterfaceOrientationLandscapeRight";
				IPHONEOS_DEPLOYMENT_TARGET = 16.2;
				LD_RUNPATH_SEARCH_PATHS = "@executable_path/Frameworks";
				"LD_RUNPATH_SEARCH_PATHS[sdk=macosx*]" = "@executable_path/../Frameworks";
				MACOSX_DEPLOYMENT_TARGET = 13.1;
				MARKETING_VERSION = 1.0;
				PRODUCT_BUNDLE_IDENTIFIER = com.SMDAppTech.Rain;
				PRODUCT_NAME = "$(TARGET_NAME)";
				SDKROOT = auto;
				SUPPORTED_PLATFORMS = "iphoneos iphonesimulator macosx";
				SWIFT_EMIT_LOC_STRINGS = YES;
				SWIFT_VERSION = 5.0;
				TARGETED_DEVICE_FAMILY = "1,2";
			};
			name = Release;
		};
/* End XCBuildConfiguration section */

/* Begin XCConfigurationList section */
		DBACAA04297F111500C30F6F /* Build configuration list for PBXProject "Rain" */ = {
			isa = XCConfigurationList;
			buildConfigurations = (
				DBACAA16297F111600C30F6F /* Debug */,
				DBACAA17297F111600C30F6F /* Release */,
			);
			defaultConfigurationIsVisible = 0;
			defaultConfigurationName = Release;
		};
		DBACAA18297F111600C30F6F /* Build configuration list for PBXNativeTarget "Rain" */ = {
			isa = XCConfigurationList;
			buildConfigurations = (
				DBACAA19297F111600C30F6F /* Debug */,
				DBACAA1A297F111600C30F6F /* Release */,
			);
			defaultConfigurationIsVisible = 0;
			defaultConfigurationName = Release;
		};
/* End XCConfigurationList section */
	};
	rootObject = DBACAA01297F111500C30F6F /* Project object */;
}
