// !$*UTF8*$!
{
	archiveVersion = 1;
	classes = {
	};
	objectVersion = 56;
	objects = {

/* Begin PBXBuildFile section */
		DB1B3EF02976F132001F5B75 /* TitleView.swift in Sources */ = {isa = PBXBuildFile; fileRef = DB1B3EEF2976F132001F5B75 /* TitleView.swift */; };
		DB2E023829770DBB008E7527 /* TargetAndGuessCircleView.swift in Sources */ = {isa = PBXBuildFile; fileRef = DB2E023729770DBB008E7527 /* TargetAndGuessCircleView.swift */; };
		DB2E023A29772D8D008E7527 /* PickerView.swift in Sources */ = {isa = PBXBuildFile; fileRef = DB2E023929772D8D008E7527 /* PickerView.swift */; };
		DB2E02402977399D008E7527 /* SliderView.swift in Sources */ = {isa = PBXBuildFile; fileRef = DB2E023F2977399D008E7527 /* SliderView.swift */; };
		DB2E024229776B84008E7527 /* TargetAndGuessRectView.swift in Sources */ = {isa = PBXBuildFile; fileRef = DB2E024129776B84008E7527 /* TargetAndGuessRectView.swift */; };
		DB2E02452977A2D2008E7527 /* ConfettiSwiftUI in Frameworks */ = {isa = PBXBuildFile; productRef = DB2E02442977A2D2008E7527 /* ConfettiSwiftUI */; };
		DBFA99812976E9CC0001DB4B /* Find_The_ColorApp.swift in Sources */ = {isa = PBXBuildFile; fileRef = DBFA99802976E9CC0001DB4B /* Find_The_ColorApp.swift */; };
		DBFA99832976E9CC0001DB4B /* ContentView.swift in Sources */ = {isa = PBXBuildFile; fileRef = DBFA99822976E9CC0001DB4B /* ContentView.swift */; };
		DBFA99852976E9CD0001DB4B /* Assets.xcassets in Resources */ = {isa = PBXBuildFile; fileRef = DBFA99842976E9CD0001DB4B /* Assets.xcassets */; };
		DBFA99892976E9CD0001DB4B /* Preview Assets.xcassets in Resources */ = {isa = PBXBuildFile; fileRef = DBFA99882976E9CD0001DB4B /* Preview Assets.xcassets */; };
/* End PBXBuildFile section */

/* Begin PBXFileReference section */
		DB1B3EEF2976F132001F5B75 /* TitleView.swift */ = {isa = PBXFileReference; lastKnownFileType = sourcecode.swift; path = TitleView.swift; sourceTree = "<group>"; };
		DB2E023729770DBB008E7527 /* TargetAndGuessCircleView.swift */ = {isa = PBXFileReference; lastKnownFileType = sourcecode.swift; path = TargetAndGuessCircleView.swift; sourceTree = "<group>"; };
		DB2E023929772D8D008E7527 /* PickerView.swift */ = {isa = PBXFileReference; lastKnownFileType = sourcecode.swift; path = PickerView.swift; sourceTree = "<group>"; };
		DB2E023F2977399D008E7527 /* SliderView.swift */ = {isa = PBXFileReference; lastKnownFileType = sourcecode.swift; path = SliderView.swift; sourceTree = "<group>"; };
		DB2E024129776B84008E7527 /* TargetAndGuessRectView.swift */ = {isa = PBXFileReference; lastKnownFileType = sourcecode.swift; path = TargetAndGuessRectView.swift; sourceTree = "<group>"; };
		DBFA997D2976E9CC0001DB4B /* Find The Color.app */ = {isa = PBXFileReference; explicitFileType = wrapper.application; includeInIndex = 0; path = "Find The Color.app"; sourceTree = BUILT_PRODUCTS_DIR; };
		DBFA99802976E9CC0001DB4B /* Find_The_ColorApp.swift */ = {isa = PBXFileReference; lastKnownFileType = sourcecode.swift; path = Find_The_ColorApp.swift; sourceTree = "<group>"; };
		DBFA99822976E9CC0001DB4B /* ContentView.swift */ = {isa = PBXFileReference; lastKnownFileType = sourcecode.swift; path = ContentView.swift; sourceTree = "<group>"; };
		DBFA99842976E9CD0001DB4B /* Assets.xcassets */ = {isa = PBXFileReference; lastKnownFileType = folder.assetcatalog; path = Assets.xcassets; sourceTree = "<group>"; };
		DBFA99862976E9CD0001DB4B /* Find_The_Color.entitlements */ = {isa = PBXFileReference; lastKnownFileType = text.plist.entitlements; path = Find_The_Color.entitlements; sourceTree = "<group>"; };
		DBFA99882976E9CD0001DB4B /* Preview Assets.xcassets */ = {isa = PBXFileReference; lastKnownFileType = folder.assetcatalog; path = "Preview Assets.xcassets"; sourceTree = "<group>"; };
/* End PBXFileReference section */

/* Begin PBXFrameworksBuildPhase section */
		DBFA997A2976E9CC0001DB4B /* Frameworks */ = {
			isa = PBXFrameworksBuildPhase;
			buildActionMask = 2147483647;
			files = (
				DB2E02452977A2D2008E7527 /* ConfettiSwiftUI in Frameworks */,
			);
			runOnlyForDeploymentPostprocessing = 0;
		};
/* End PBXFrameworksBuildPhase section */

/* Begin PBXGroup section */
		DBFA99742976E9CC0001DB4B = {
			isa = PBXGroup;
			children = (
				DBFA997F2976E9CC0001DB4B /* Find The Color */,
				DBFA997E2976E9CC0001DB4B /* Products */,
			);
			sourceTree = "<group>";
		};
		DBFA997E2976E9CC0001DB4B /* Products */ = {
			isa = PBXGroup;
			children = (
				DBFA997D2976E9CC0001DB4B /* Find The Color.app */,
			);
			name = Products;
			sourceTree = "<group>";
		};
		DBFA997F2976E9CC0001DB4B /* Find The Color */ = {
			isa = PBXGroup;
			children = (
				DBFA99802976E9CC0001DB4B /* Find_The_ColorApp.swift */,
				DBFA99822976E9CC0001DB4B /* ContentView.swift */,
				DB1B3EEF2976F132001F5B75 /* TitleView.swift */,
				DB2E023729770DBB008E7527 /* TargetAndGuessCircleView.swift */,
				DB2E023929772D8D008E7527 /* PickerView.swift */,
				DB2E024129776B84008E7527 /* TargetAndGuessRectView.swift */,
				DB2E023F2977399D008E7527 /* SliderView.swift */,
				DBFA99842976E9CD0001DB4B /* Assets.xcassets */,
				DBFA99862976E9CD0001DB4B /* Find_The_Color.entitlements */,
				DBFA99872976E9CD0001DB4B /* Preview Content */,
			);
			path = "Find The Color";
			sourceTree = "<group>";
		};
		DBFA99872976E9CD0001DB4B /* Preview Content */ = {
			isa = PBXGroup;
			children = (
				DBFA99882976E9CD0001DB4B /* Preview Assets.xcassets */,
			);
			path = "Preview Content";
			sourceTree = "<group>";
		};
/* End PBXGroup section */

/* Begin PBXNativeTarget section */
		DBFA997C2976E9CC0001DB4B /* Find The Color */ = {
			isa = PBXNativeTarget;
			buildConfigurationList = DBFA998C2976E9CD0001DB4B /* Build configuration list for PBXNativeTarget "Find The Color" */;
			buildPhases = (
				DBFA99792976E9CC0001DB4B /* Sources */,
				DBFA997A2976E9CC0001DB4B /* Frameworks */,
				DBFA997B2976E9CC0001DB4B /* Resources */,
			);
			buildRules = (
			);
			dependencies = (
			);
			name = "Find The Color";
			packageProductDependencies = (
				DB2E02442977A2D2008E7527 /* ConfettiSwiftUI */,
			);
			productName = "Find The Color";
			productReference = DBFA997D2976E9CC0001DB4B /* Find The Color.app */;
			productType = "com.apple.product-type.application";
		};
/* End PBXNativeTarget section */

/* Begin PBXProject section */
		DBFA99752976E9CC0001DB4B /* Project object */ = {
			isa = PBXProject;
			attributes = {
				BuildIndependentTargetsInParallel = 1;
				LastSwiftUpdateCheck = 1420;
				LastUpgradeCheck = 1420;
				TargetAttributes = {
					DBFA997C2976E9CC0001DB4B = {
						CreatedOnToolsVersion = 14.2;
					};
				};
			};
			buildConfigurationList = DBFA99782976E9CC0001DB4B /* Build configuration list for PBXProject "Find The Color" */;
			compatibilityVersion = "Xcode 14.0";
			developmentRegion = en;
			hasScannedForEncodings = 0;
			knownRegions = (
				en,
				Base,
			);
			mainGroup = DBFA99742976E9CC0001DB4B;
			packageReferences = (
				DB2E02432977A2D1008E7527 /* XCRemoteSwiftPackageReference "ConfettiSwiftUI" */,
			);
			productRefGroup = DBFA997E2976E9CC0001DB4B /* Products */;
			projectDirPath = "";
			projectRoot = "";
			targets = (
				DBFA997C2976E9CC0001DB4B /* Find The Color */,
			);
		};
/* End PBXProject section */

/* Begin PBXResourcesBuildPhase section */
		DBFA997B2976E9CC0001DB4B /* Resources */ = {
			isa = PBXResourcesBuildPhase;
			buildActionMask = 2147483647;
			files = (
				DBFA99892976E9CD0001DB4B /* Preview Assets.xcassets in Resources */,
				DBFA99852976E9CD0001DB4B /* Assets.xcassets in Resources */,
			);
			runOnlyForDeploymentPostprocessing = 0;
		};
/* End PBXResourcesBuildPhase section */

/* Begin PBXSourcesBuildPhase section */
		DBFA99792976E9CC0001DB4B /* Sources */ = {
			isa = PBXSourcesBuildPhase;
			buildActionMask = 2147483647;
			files = (
				DBFA99832976E9CC0001DB4B /* ContentView.swift in Sources */,
				DBFA99812976E9CC0001DB4B /* Find_The_ColorApp.swift in Sources */,
				DB1B3EF02976F132001F5B75 /* TitleView.swift in Sources */,
				DB2E023A29772D8D008E7527 /* PickerView.swift in Sources */,
				DB2E023829770DBB008E7527 /* TargetAndGuessCircleView.swift in Sources */,
				DB2E02402977399D008E7527 /* SliderView.swift in Sources */,
				DB2E024229776B84008E7527 /* TargetAndGuessRectView.swift in Sources */,
			);
			runOnlyForDeploymentPostprocessing = 0;
		};
/* End PBXSourcesBuildPhase section */

/* Begin XCBuildConfiguration section */
		DBFA998A2976E9CD0001DB4B /* Debug */ = {
			isa = XCBuildConfiguration;
			buildSettings = {
				ALWAYS_SEARCH_USER_PATHS = NO;
				CLANG_ANALYZER_NONNULL = YES;
				CLANG_ANALYZER_NUMBER_OBJECT_CONVERSION = YES_AGGRESSIVE;
				CLANG_CXX_LANGUAGE_STANDARD = "gnu++20";
				CLANG_ENABLE_MODULES = YES;
				CLANG_ENABLE_OBJC_ARC = YES;
				CLANG_ENABLE_OBJC_WEAK = YES;
				CLANG_WARN_BLOCK_CAPTURE_AUTORELEASING = YES;
				CLANG_WARN_BOOL_CONVERSION = YES;
				CLANG_WARN_COMMA = YES;
				CLANG_WARN_CONSTANT_CONVERSION = YES;
				CLANG_WARN_DEPRECATED_OBJC_IMPLEMENTATIONS = YES;
				CLANG_WARN_DIRECT_OBJC_ISA_USAGE = YES_ERROR;
				CLANG_WARN_DOCUMENTATION_COMMENTS = YES;
				CLANG_WARN_EMPTY_BODY = YES;
				CLANG_WARN_ENUM_CONVERSION = YES;
				CLANG_WARN_INFINITE_RECURSION = YES;
				CLANG_WARN_INT_CONVERSION = YES;
				CLANG_WARN_NON_LITERAL_NULL_CONVERSION = YES;
				CLANG_WARN_OBJC_IMPLICIT_RETAIN_SELF = YES;
				CLANG_WARN_OBJC_LITERAL_CONVERSION = YES;
				CLANG_WARN_OBJC_ROOT_CLASS = YES_ERROR;
				CLANG_WARN_QUOTED_INCLUDE_IN_FRAMEWORK_HEADER = YES;
				CLANG_WARN_RANGE_LOOP_ANALYSIS = YES;
				CLANG_WARN_STRICT_PROTOTYPES = YES;
				CLANG_WARN_SUSPICIOUS_MOVE = YES;
				CLANG_WARN_UNGUARDED_AVAILABILITY = YES_AGGRESSIVE;
				CLANG_WARN_UNREACHABLE_CODE = YES;
				CLANG_WARN__DUPLICATE_METHOD_MATCH = YES;
				COPY_PHASE_STRIP = NO;
				DEBUG_INFORMATION_FORMAT = dwarf;
				ENABLE_STRICT_OBJC_MSGSEND = YES;
				ENABLE_TESTABILITY = YES;
				GCC_C_LANGUAGE_STANDARD = gnu11;
				GCC_DYNAMIC_NO_PIC = NO;
				GCC_NO_COMMON_BLOCKS = YES;
				GCC_OPTIMIZATION_LEVEL = 0;
				GCC_PREPROCESSOR_DEFINITIONS = (
					"DEBUG=1",
					"$(inherited)",
				);
				GCC_WARN_64_TO_32_BIT_CONVERSION = YES;
				GCC_WARN_ABOUT_RETURN_TYPE = YES_ERROR;
				GCC_WARN_UNDECLARED_SELECTOR = YES;
				GCC_WARN_UNINITIALIZED_AUTOS = YES_AGGRESSIVE;
				GCC_WARN_UNUSED_FUNCTION = YES;
				GCC_WARN_UNUSED_VARIABLE = YES;
				MTL_ENABLE_DEBUG_INFO = INCLUDE_SOURCE;
				MTL_FAST_MATH = YES;
				ONLY_ACTIVE_ARCH = YES;
				SWIFT_ACTIVE_COMPILATION_CONDITIONS = DEBUG;
				SWIFT_OPTIMIZATION_LEVEL = "-Onone";
			};
			name = Debug;
		};
		DBFA998B2976E9CD0001DB4B /* Release */ = {
			isa = XCBuildConfiguration;
			buildSettings = {
				ALWAYS_SEARCH_USER_PATHS = NO;
				CLANG_ANALYZER_NONNULL = YES;
				CLANG_ANALYZER_NUMBER_OBJECT_CONVERSION = YES_AGGRESSIVE;
				CLANG_CXX_LANGUAGE_STANDARD = "gnu++20";
				CLANG_ENABLE_MODULES = YES;
				CLANG_ENABLE_OBJC_ARC = YES;
				CLANG_ENABLE_OBJC_WEAK = YES;
				CLANG_WARN_BLOCK_CAPTURE_AUTORELEASING = YES;
				CLANG_WARN_BOOL_CONVERSION = YES;
				CLANG_WARN_COMMA = YES;
				CLANG_WARN_CONSTANT_CONVERSION = YES;
				CLANG_WARN_DEPRECATED_OBJC_IMPLEMENTATIONS = YES;
				CLANG_WARN_DIRECT_OBJC_ISA_USAGE = YES_ERROR;
				CLANG_WARN_DOCUMENTATION_COMMENTS = YES;
				CLANG_WARN_EMPTY_BODY = YES;
				CLANG_WARN_ENUM_CONVERSION = YES;
				CLANG_WARN_INFINITE_RECURSION = YES;
				CLANG_WARN_INT_CONVERSION = YES;
				CLANG_WARN_NON_LITERAL_NULL_CONVERSION = YES;
				CLANG_WARN_OBJC_IMPLICIT_RETAIN_SELF = YES;
				CLANG_WARN_OBJC_LITERAL_CONVERSION = YES;
				CLANG_WARN_OBJC_ROOT_CLASS = YES_ERROR;
				CLANG_WARN_QUOTED_INCLUDE_IN_FRAMEWORK_HEADER = YES;
				CLANG_WARN_RANGE_LOOP_ANALYSIS = YES;
				CLANG_WARN_STRICT_PROTOTYPES = YES;
				CLANG_WARN_SUSPICIOUS_MOVE = YES;
				CLANG_WARN_UNGUARDED_AVAILABILITY = YES_AGGRESSIVE;
				CLANG_WARN_UNREACHABLE_CODE = YES;
				CLANG_WARN__DUPLICATE_METHOD_MATCH = YES;
				COPY_PHASE_STRIP = NO;
				DEBUG_INFORMATION_FORMAT = "dwarf-with-dsym";
				ENABLE_NS_ASSERTIONS = NO;
				ENABLE_STRICT_OBJC_MSGSEND = YES;
				GCC_C_LANGUAGE_STANDARD = gnu11;
				GCC_NO_COMMON_BLOCKS = YES;
				GCC_WARN_64_TO_32_BIT_CONVERSION = YES;
				GCC_WARN_ABOUT_RETURN_TYPE = YES_ERROR;
				GCC_WARN_UNDECLARED_SELECTOR = YES;
				GCC_WARN_UNINITIALIZED_AUTOS = YES_AGGRESSIVE;
				GCC_WARN_UNUSED_FUNCTION = YES;
				GCC_WARN_UNUSED_VARIABLE = YES;
				MTL_ENABLE_DEBUG_INFO = NO;
				MTL_FAST_MATH = YES;
				SWIFT_COMPILATION_MODE = wholemodule;
				SWIFT_OPTIMIZATION_LEVEL = "-O";
			};
			name = Release;
		};
		DBFA998D2976E9CD0001DB4B /* Debug */ = {
			isa = XCBuildConfiguration;
			buildSettings = {
				ASSETCATALOG_COMPILER_APPICON_NAME = AppIcon;
				ASSETCATALOG_COMPILER_GLOBAL_ACCENT_COLOR_NAME = AccentColor;
				CODE_SIGN_ENTITLEMENTS = "Find The Color/Find_The_Color.entitlements";
				CODE_SIGN_STYLE = Automatic;
				CURRENT_PROJECT_VERSION = 1;
				DEVELOPMENT_ASSET_PATHS = "\"Find The Color/Preview Content\"";
				DEVELOPMENT_TEAM = M4YWUWL5V9;
				ENABLE_HARDENED_RUNTIME = YES;
				ENABLE_PREVIEWS = YES;
				GENERATE_INFOPLIST_FILE = YES;
				"INFOPLIST_KEY_UIApplicationSceneManifest_Generation[sdk=iphoneos*]" = YES;
				"INFOPLIST_KEY_UIApplicationSceneManifest_Generation[sdk=iphonesimulator*]" = YES;
				"INFOPLIST_KEY_UIApplicationSupportsIndirectInputEvents[sdk=iphoneos*]" = YES;
				"INFOPLIST_KEY_UIApplicationSupportsIndirectInputEvents[sdk=iphonesimulator*]" = YES;
				"INFOPLIST_KEY_UILaunchScreen_Generation[sdk=iphoneos*]" = YES;
				"INFOPLIST_KEY_UILaunchScreen_Generation[sdk=iphonesimulator*]" = YES;
				"INFOPLIST_KEY_UIStatusBarStyle[sdk=iphoneos*]" = UIStatusBarStyleDefault;
				"INFOPLIST_KEY_UIStatusBarStyle[sdk=iphonesimulator*]" = UIStatusBarStyleDefault;
				INFOPLIST_KEY_UISupportedInterfaceOrientations_iPad = "UIInterfaceOrientationPortrait UIInterfaceOrientationPortraitUpsideDown UIInterfaceOrientationLandscapeLeft UIInterfaceOrientationLandscapeRight";
				INFOPLIST_KEY_UISupportedInterfaceOrientations_iPhone = "UIInterfaceOrientationPortrait UIInterfaceOrientationLandscapeLeft UIInterfaceOrientationLandscapeRight";
				IPHONEOS_DEPLOYMENT_TARGET = 16.2;
				LD_RUNPATH_SEARCH_PATHS = "@executable_path/Frameworks";
				"LD_RUNPATH_SEARCH_PATHS[sdk=macosx*]" = "@executable_path/../Frameworks";
				MACOSX_DEPLOYMENT_TARGET = 13.1;
				MARKETING_VERSION = 1.0;
				PRODUCT_BUNDLE_IDENTIFIER = "com.SMDAppTech.Find-The-Color";
				PRODUCT_NAME = "$(TARGET_NAME)";
				SDKROOT = auto;
				SUPPORTED_PLATFORMS = "iphoneos iphonesimulator macosx";
				SWIFT_EMIT_LOC_STRINGS = YES;
				SWIFT_VERSION = 5.0;
				TARGETED_DEVICE_FAMILY = "1,2";
			};
			name = Debug;
		};
		DBFA998E2976E9CD0001DB4B /* Release */ = {
			isa = XCBuildConfiguration;
			buildSettings = {
				ASSETCATALOG_COMPILER_APPICON_NAME = AppIcon;
				ASSETCATALOG_COMPILER_GLOBAL_ACCENT_COLOR_NAME = AccentColor;
				CODE_SIGN_ENTITLEMENTS = "Find The Color/Find_The_Color.entitlements";
				CODE_SIGN_STYLE = Automatic;
				CURRENT_PROJECT_VERSION = 1;
				DEVELOPMENT_ASSET_PATHS = "\"Find The Color/Preview Content\"";
				DEVELOPMENT_TEAM = M4YWUWL5V9;
				ENABLE_HARDENED_RUNTIME = YES;
				ENABLE_PREVIEWS = YES;
				GENERATE_INFOPLIST_FILE = YES;
				"INFOPLIST_KEY_UIApplicationSceneManifest_Generation[sdk=iphoneos*]" = YES;
				"INFOPLIST_KEY_UIApplicationSceneManifest_Generation[sdk=iphonesimulator*]" = YES;
				"INFOPLIST_KEY_UIApplicationSupportsIndirectInputEvents[sdk=iphoneos*]" = YES;
				"INFOPLIST_KEY_UIApplicationSupportsIndirectInputEvents[sdk=iphonesimulator*]" = YES;
				"INFOPLIST_KEY_UILaunchScreen_Generation[sdk=iphoneos*]" = YES;
				"INFOPLIST_KEY_UILaunchScreen_Generation[sdk=iphonesimulator*]" = YES;
				"INFOPLIST_KEY_UIStatusBarStyle[sdk=iphoneos*]" = UIStatusBarStyleDefault;
				"INFOPLIST_KEY_UIStatusBarStyle[sdk=iphonesimulator*]" = UIStatusBarStyleDefault;
				INFOPLIST_KEY_UISupportedInterfaceOrientations_iPad = "UIInterfaceOrientationPortrait UIInterfaceOrientationPortraitUpsideDown UIInterfaceOrientationLandscapeLeft UIInterfaceOrientationLandscapeRight";
				INFOPLIST_KEY_UISupportedInterfaceOrientations_iPhone = "UIInterfaceOrientationPortrait UIInterfaceOrientationLandscapeLeft UIInterfaceOrientationLandscapeRight";
				IPHONEOS_DEPLOYMENT_TARGET = 16.2;
				LD_RUNPATH_SEARCH_PATHS = "@executable_path/Frameworks";
				"LD_RUNPATH_SEARCH_PATHS[sdk=macosx*]" = "@executable_path/../Frameworks";
				MACOSX_DEPLOYMENT_TARGET = 13.1;
				MARKETING_VERSION = 1.0;
				PRODUCT_BUNDLE_IDENTIFIER = "com.SMDAppTech.Find-The-Color";
				PRODUCT_NAME = "$(TARGET_NAME)";
				SDKROOT = auto;
				SUPPORTED_PLATFORMS = "iphoneos iphonesimulator macosx";
				SWIFT_EMIT_LOC_STRINGS = YES;
				SWIFT_VERSION = 5.0;
				TARGETED_DEVICE_FAMILY = "1,2";
			};
			name = Release;
		};
/* End XCBuildConfiguration section */

/* Begin XCConfigurationList section */
		DBFA99782976E9CC0001DB4B /* Build configuration list for PBXProject "Find The Color" */ = {
			isa = XCConfigurationList;
			buildConfigurations = (
				DBFA998A2976E9CD0001DB4B /* Debug */,
				DBFA998B2976E9CD0001DB4B /* Release */,
			);
			defaultConfigurationIsVisible = 0;
			defaultConfigurationName = Release;
		};
		DBFA998C2976E9CD0001DB4B /* Build configuration list for PBXNativeTarget "Find The Color" */ = {
			isa = XCConfigurationList;
			buildConfigurations = (
				DBFA998D2976E9CD0001DB4B /* Debug */,
				DBFA998E2976E9CD0001DB4B /* Release */,
			);
			defaultConfigurationIsVisible = 0;
			defaultConfigurationName = Release;
		};
/* End XCConfigurationList section */

/* Begin XCRemoteSwiftPackageReference section */
		DB2E02432977A2D1008E7527 /* XCRemoteSwiftPackageReference "ConfettiSwiftUI" */ = {
			isa = XCRemoteSwiftPackageReference;
			repositoryURL = "https://github.com/simibac/ConfettiSwiftUI.git";
			requirement = {
				branch = master;
				kind = branch;
			};
		};
/* End XCRemoteSwiftPackageReference section */

/* Begin XCSwiftPackageProductDependency section */
		DB2E02442977A2D2008E7527 /* ConfettiSwiftUI */ = {
			isa = XCSwiftPackageProductDependency;
			package = DB2E02432977A2D1008E7527 /* XCRemoteSwiftPackageReference "ConfettiSwiftUI" */;
			productName = ConfettiSwiftUI;
		};
/* End XCSwiftPackageProductDependency section */
	};
	rootObject = DBFA99752976E9CC0001DB4B /* Project object */;
}
